# This file is automatically @generated by Poetry 1.8.2 and should not be changed by hand.

[[package]]
name = "latexxxgenerator"
version = "0.1.2"
description = ""
optional = false
python-versions = "<4.0,>=3.12"
files = [
    {file = "latexxxgenerator-0.1.2-py3-none-any.whl", hash = "sha256:6fd4e0f6325dd3dd463992e73f8c50ecb81369ebb334b3b6c8d85e3b7ea58df0"},
    {file = "latexxxgenerator-0.1.2.tar.gz", hash = "sha256:b890110c79fb5d691ae798dde09112dce37e7e3889a99ce08772b36ef4a0ba32"},
]

[metadata]
lock-version = "2.0"
python-versions = "^3.12"
content-hash = "09f6c6e6a5568da34f9ca6d15f1b541ed98db75f3d0fd1289467cecfb9f8f69b"
